
Microsoft Visual Studio Solution File, Format Version 12.00
# Visual Studio Version 17
VisualStudioVersion = 17.7.34031.279
MinimumVisualStudioVersion = 10.0.40219.1
Project("{FAE04EC0-301F-11D3-BF4B-00C04F79EFBC}") = "Matching Game", "Matching Game\Matching Game.csproj", "{944C9B05-EE23-48E0-A57E-23366D8E7ABD}"
EndProject
Global
	GlobalSection(SolutionConfigurationPlatforms) = preSolution
		Debug|Any CPU = Debug|Any CPU
		Release|Any CPU = Release|Any CPU
	EndGlobalSection
	GlobalSection(ProjectConfigurationPlatforms) = postSolution
		{944C9B05-EE23-48E0-A57E-23366D8E7ABD}.Debug|Any CPU.ActiveCfg = Debug|Any CPU
		{944C9B05-EE23-48E0-A57E-23366D8E7ABD}.Debug|Any CPU.Build.0 = Debug|Any CPU
		{944C9B05-EE23-48E0-A57E-23366D8E7ABD}.Release|Any CPU.ActiveCfg = Release|Any CPU
		{944C9B05-EE23-48E0-A57E-23366D8E7ABD}.Release|Any CPU.Build.0 = Release|Any CPU
	EndGlobalSection
	GlobalSection(SolutionProperties) = preSolution
		HideSolutionNode = FALSE
	EndGlobalSection
	GlobalSection(ExtensibilityGlobals) = postSolution
		SolutionGuid = {0F1E4436-700F-4E31-9311-A32EACDB062C}
	EndGlobalSection
EndGlobal
